[[package]]
category = "dev"
description = "A small Python module for determining appropriate platform-specific dirs, e.g. a \"user data dir\"."
name = "appdirs"
optional = false
python-versions = "*"
version = "1.4.3"

[[package]]
category = "dev"
description = "Atomic file writes."
marker = "sys_platform == \"win32\""
name = "atomicwrites"
optional = false
python-versions = ">=2.7, !=3.0.*, !=3.1.*, !=3.2.*, !=3.3.*"
version = "1.3.0"

[[package]]
category = "dev"
description = "Classes Without Boilerplate"
name = "attrs"
optional = false
python-versions = ">=2.7, !=3.0.*, !=3.1.*, !=3.2.*, !=3.3.*"
version = "19.3.0"

[package.extras]
azure-pipelines = ["coverage", "hypothesis", "pympler", "pytest (>=4.3.0)", "six", "zope.interface", "pytest-azurepipelines"]
dev = ["coverage", "hypothesis", "pympler", "pytest (>=4.3.0)", "six", "zope.interface", "sphinx", "pre-commit"]
docs = ["sphinx", "zope.interface"]
tests = ["coverage", "hypothesis", "pympler", "pytest (>=4.3.0)", "six", "zope.interface"]

[[package]]
category = "main"
description = "Function decoration for backoff and retry"
name = "backoff"
optional = false
python-versions = ">=2.7, !=3.0.*, !=3.1.*, !=3.2.*, !=3.3.*, !=3.4.*"
version = "1.10.0"

[[package]]
category = "dev"
description = "The uncompromising code formatter."
name = "black"
optional = false
python-versions = ">=3.6"
version = "19.10b0"

[package.dependencies]
appdirs = "*"
attrs = ">=18.1.0"
click = ">=6.5"
pathspec = ">=0.6,<1"
regex = "*"
toml = ">=0.9.4"
typed-ast = ">=1.4.0"

[package.extras]
d = ["aiohttp (>=3.3.2)", "aiohttp-cors"]

[[package]]
category = "main"
description = "Composable command line interface toolkit"
name = "click"
optional = false
python-versions = ">=2.7, !=3.0.*, !=3.1.*, !=3.2.*, !=3.3.*"
version = "7.0"

[[package]]
category = "dev"
description = "Cross-platform colored terminal text."
marker = "sys_platform == \"win32\""
name = "colorama"
optional = false
python-versions = ">=2.7, !=3.0.*, !=3.1.*, !=3.2.*, !=3.3.*, !=3.4.*"
version = "0.4.3"

[[package]]
category = "main"
description = "Backports and enhancements for the contextlib module"
name = "contextlib2"
optional = false
python-versions = ">=2.7, !=3.0.*, !=3.1.*, !=3.2.*, !=3.3.*"
version = "0.6.0.post1"

[[package]]
category = "dev"
description = "Discover and load entry points from installed packages."
name = "entrypoints"
optional = false
python-versions = ">=2.7"
version = "0.3"

[[package]]
category = "dev"
description = "the modular source code checker: pep8, pyflakes and co"
name = "flake8"
optional = false
python-versions = ">=2.7, !=3.0.*, !=3.1.*, !=3.2.*, !=3.3.*"
version = "3.7.9"

[package.dependencies]
entrypoints = ">=0.3.0,<0.4.0"
mccabe = ">=0.6.0,<0.7.0"
pycodestyle = ">=2.5.0,<2.6.0"
pyflakes = ">=2.1.0,<2.2.0"

[[package]]
category = "main"
description = "A microframework based on Werkzeug, Jinja2 and good intentions"
name = "flask"
optional = false
python-versions = "*"
version = "0.12.4"

[package.dependencies]
Jinja2 = ">=2.4"
Werkzeug = ">=0.7"
click = ">=2.0"
itsdangerous = ">=0.21"

[[package]]
category = "main"
description = "A fancy and practical functional tools"
name = "funcy"
optional = false
python-versions = "*"
version = "1.14"

[[package]]
category = "main"
description = "Clean single-source support for Python 3 and 2"
name = "future"
optional = false
python-versions = ">=2.6, !=3.0.*, !=3.1.*, !=3.2.*"
version = "0.18.2"

[[package]]
category = "main"
description = "HTTP/2-based RPC framework"
name = "grpcio"
optional = false
python-versions = "*"
version = "1.26.0"

[package.dependencies]
six = ">=1.5.2"

[[package]]
category = "main"
description = "Python OpenTracing Extensions for gRPC"
name = "grpcio-opentracing"
optional = false
python-versions = "*"
version = "1.1.4"

[package.dependencies]
grpcio = ">=1.1.3,<2.0"
opentracing = ">=1.2.2"
six = ">=1.10"

[[package]]
category = "main"
description = "Standard Protobuf Reflection Service for gRPC"
name = "grpcio-reflection"
optional = false
python-versions = "*"
version = "1.26.0"

[package.dependencies]
grpcio = ">=1.26.0"
protobuf = ">=3.6.0"

[[package]]
category = "main"
description = "Protobuf code generator for gRPC"
name = "grpcio-tools"
optional = false
python-versions = "*"
version = "1.26.0"

[package.dependencies]
grpcio = ">=1.26.0"
protobuf = ">=3.5.0.post1"

[[package]]
category = "dev"
description = "Read metadata from Python packages"
marker = "python_version < \"3.8\""
name = "importlib-metadata"
optional = false
python-versions = "!=3.0.*,!=3.1.*,!=3.2.*,!=3.3.*,!=3.4.*,>=2.7"
version = "1.3.0"

[package.dependencies]
zipp = ">=0.5"

[package.extras]
docs = ["sphinx", "rst.linker"]
testing = ["packaging", "importlib-resources"]

[[package]]
category = "dev"
description = "A Python utility / library to sort Python imports."
name = "isort"
optional = false
python-versions = ">=2.7, !=3.0.*, !=3.1.*, !=3.2.*, !=3.3.*"
version = "4.3.21"

[package.extras]
pipfile = ["pipreqs", "requirementslib"]
pyproject = ["toml"]
requirements = ["pipreqs", "pip-api"]
xdg_home = ["appdirs (>=1.4.0)"]

[[package]]
category = "main"
description = "Various helpers to pass data to untrusted environments and back."
name = "itsdangerous"
optional = false
python-versions = ">=2.7, !=3.0.*, !=3.1.*, !=3.2.*, !=3.3.*"
version = "1.1.0"

[[package]]
category = "main"
description = "A very fast and expressive template engine."
name = "jinja2"
optional = false
python-versions = "*"
version = "2.10.3"

[package.dependencies]
MarkupSafe = ">=0.23"

[package.extras]
i18n = ["Babel (>=0.8)"]

[[package]]
category = "main"
description = "Safely add untrusted strings to HTML/XML markup."
name = "markupsafe"
optional = false
python-versions = ">=2.7,!=3.0.*,!=3.1.*,!=3.2.*,!=3.3.*"
version = "1.1.1"

[[package]]
category = "dev"
description = "McCabe checker, plugin for flake8"
name = "mccabe"
optional = false
python-versions = "*"
version = "0.6.1"

[[package]]
category = "dev"
description = "More routines for operating on iterables, beyond itertools"
name = "more-itertools"
optional = false
python-versions = ">=3.5"
version = "8.0.2"

[[package]]
category = "main"
description = "OpenTracing API for Python. See documentation at http://opentracing.io"
name = "opentracing"
optional = false
python-versions = "*"
version = "2.3.0"

[package.extras]
tests = ["doubles", "flake8", "flake8-quotes", "mock", "pytest", "pytest-cov", "pytest-mock", "sphinx", "sphinx-rtd-theme", "six (>=1.10.0,<2.0)", "gevent", "tornado"]

[[package]]
category = "main"
description = "Tracing Instrumentation using OpenTracing API (http://opentracing.io)"
name = "opentracing-instrumentation"
optional = false
python-versions = "*"
version = "3.2.1"

[package.dependencies]
contextlib2 = "*"
future = "*"
opentracing = ">=2,<3"
six = "*"
tornado = ">=4.1,<6"
wrapt = "*"

[package.extras]
tests = ["boto3", "botocore", "celery", "doubles", "flake8", "flake8-quotes", "mock", "moto", "psycopg2-binary", "sqlalchemy (>=1.3.7)", "pytest", "pytest-cov", "pytest-localserver", "pytest-mock", "pytest-tornado", "basictracer (>=3,<4)", "redis", "sphinx", "sphinx-rtd-theme", "testfixtures", "mysql-python"]

[[package]]
category = "dev"
description = "Core utilities for Python packages"
name = "packaging"
optional = false
python-versions = ">=2.7, !=3.0.*, !=3.1.*, !=3.2.*, !=3.3.*"
version = "20.0"

[package.dependencies]
pyparsing = ">=2.0.2"
six = "*"

[[package]]
category = "dev"
description = "Utility library for gitignore style pattern matching of file paths."
name = "pathspec"
optional = false
python-versions = ">=2.7, !=3.0.*, !=3.1.*, !=3.2.*, !=3.3.*, !=3.4.*"
version = "0.7.0"

[[package]]
category = "dev"
description = "plugin and hook calling mechanisms for python"
name = "pluggy"
optional = false
python-versions = ">=2.7, !=3.0.*, !=3.1.*, !=3.2.*, !=3.3.*"
version = "0.13.1"

[package.dependencies]
[package.dependencies.importlib-metadata]
python = "<3.8"
version = ">=0.12"

[package.extras]
dev = ["pre-commit", "tox"]

[[package]]
category = "main"
description = "Python client for the Prometheus monitoring system."
name = "prometheus-client"
optional = false
python-versions = "*"
version = "0.7.1"

[package.extras]
twisted = ["twisted"]

[[package]]
category = "main"
description = "Protocol Buffers"
name = "protobuf"
optional = false
python-versions = "*"
version = "3.11.2"

[package.dependencies]
setuptools = "*"
six = ">=1.9"

[[package]]
category = "dev"
description = "library with cross-python path, ini-parsing, io, code, log facilities"
name = "py"
optional = false
python-versions = ">=2.7, !=3.0.*, !=3.1.*, !=3.2.*, !=3.3.*"
version = "1.8.1"

[[package]]
category = "dev"
description = "Python style guide checker"
name = "pycodestyle"
optional = false
python-versions = ">=2.7, !=3.0.*, !=3.1.*, !=3.2.*, !=3.3.*"
version = "2.5.0"

[[package]]
category = "dev"
description = "passive checker of Python programs"
name = "pyflakes"
optional = false
python-versions = ">=2.7, !=3.0.*, !=3.1.*, !=3.2.*, !=3.3.*"
version = "2.1.1"

[[package]]
category = "dev"
description = "Python parsing module"
name = "pyparsing"
optional = false
python-versions = ">=2.6, !=3.0.*, !=3.1.*, !=3.2.*"
version = "2.4.6"

[[package]]
category = "dev"
description = "pytest: simple powerful testing with Python"
name = "pytest"
optional = false
python-versions = ">=3.5"
version = "5.3.2"

[package.dependencies]
atomicwrites = ">=1.0"
attrs = ">=17.4.0"
colorama = "*"
more-itertools = ">=4.0.0"
packaging = "*"
pluggy = ">=0.12,<1.0"
py = ">=1.5.0"
wcwidth = "*"

[package.dependencies.importlib-metadata]
python = "<3.8"
version = ">=0.12"

[package.extras]
testing = ["argcomplete", "hypothesis (>=3.56)", "mock", "nose", "requests", "xmlschema"]

[[package]]
category = "main"
description = "World timezone definitions, modern and historical"
name = "pytz"
optional = false
python-versions = "*"
version = "2019.3"

[[package]]
category = "dev"
description = "Alternative regular expression module, to replace re."
name = "regex"
optional = false
python-versions = "*"
version = "2020.1.8"

[[package]]
category = "main"
description = "Python 2 and 3 compatibility utilities"
name = "six"
optional = false
python-versions = ">=2.6, !=3.0.*, !=3.1.*"
version = "1.13.0"

[[package]]
category = "dev"
description = "Python Library for Tom's Obvious, Minimal Language"
name = "toml"
optional = false
python-versions = "*"
version = "0.10.0"

[[package]]
category = "main"
description = "Tornado is a Python web framework and asynchronous networking library, originally developed at FriendFeed."
name = "tornado"
optional = false
python-versions = ">= 2.7, !=3.0.*, !=3.1.*, !=3.2.*, != 3.3.*"
version = "5.1.1"

[[package]]
category = "dev"
description = "a fork of Python 2 and 3 ast modules with type comment support"
name = "typed-ast"
optional = false
python-versions = "*"
version = "1.4.0"

[[package]]
category = "dev"
description = "Measures number of Terminal column cells of wide-character codes"
name = "wcwidth"
optional = false
python-versions = "*"
version = "0.1.8"

[[package]]
category = "main"
description = "The comprehensive WSGI web application library."
name = "werkzeug"
optional = false
python-versions = ">=2.7, !=3.0.*, !=3.1.*, !=3.2.*, !=3.3.*"
version = "0.16.0"

[package.extras]
dev = ["pytest", "coverage", "tox", "sphinx", "pallets-sphinx-themes", "sphinx-issues"]
termcolor = ["termcolor"]
watchdog = ["watchdog"]

[[package]]
category = "main"
description = "Module for decorators, wrappers and monkey patching."
name = "wrapt"
optional = false
python-versions = "*"
version = "1.11.2"

[[package]]
category = "dev"
description = "Backport of pathlib-compatible object wrapper for zip files"
marker = "python_version < \"3.8\""
name = "zipp"
optional = false
python-versions = ">=2.7"
version = "0.6.0"

[package.dependencies]
more-itertools = "*"

[package.extras]
docs = ["sphinx", "jaraco.packaging (>=3.2)", "rst.linker (>=1.9)"]
testing = ["pathlib2", "contextlib2", "unittest2"]

[metadata]
content-hash = "d44e562b87bf1ef850e0fe93d8d4e22e3c4987c5bb76b1a112e1e3743c76b832"
python-versions = "^3.6"

[metadata.files]
appdirs = [
    {file = "appdirs-1.4.3-py2.py3-none-any.whl", hash = "sha256:d8b24664561d0d34ddfaec54636d502d7cea6e29c3eaf68f3df6180863e2166e"},
    {file = "appdirs-1.4.3.tar.gz", hash = "sha256:9e5896d1372858f8dd3344faf4e5014d21849c756c8d5701f78f8a103b372d92"},
]
atomicwrites = [
    {file = "atomicwrites-1.3.0-py2.py3-none-any.whl", hash = "sha256:03472c30eb2c5d1ba9227e4c2ca66ab8287fbfbbda3888aa93dc2e28fc6811b4"},
    {file = "atomicwrites-1.3.0.tar.gz", hash = "sha256:75a9445bac02d8d058d5e1fe689654ba5a6556a1dfd8ce6ec55a0ed79866cfa6"},
]
attrs = [
    {file = "attrs-19.3.0-py2.py3-none-any.whl", hash = "sha256:08a96c641c3a74e44eb59afb61a24f2cb9f4d7188748e76ba4bb5edfa3cb7d1c"},
    {file = "attrs-19.3.0.tar.gz", hash = "sha256:f7b7ce16570fe9965acd6d30101a28f62fb4a7f9e926b3bbc9b61f8b04247e72"},
]
backoff = [
    {file = "backoff-1.10.0-py2.py3-none-any.whl", hash = "sha256:5e73e2cbe780e1915a204799dba0a01896f45f4385e636bcca7a0614d879d0cd"},
    {file = "backoff-1.10.0.tar.gz", hash = "sha256:b8fba021fac74055ac05eb7c7bfce4723aedde6cd0a504e5326bcb0bdd6d19a4"},
]
black = [
    {file = "black-19.10b0-py36-none-any.whl", hash = "sha256:1b30e59be925fafc1ee4565e5e08abef6b03fe455102883820fe5ee2e4734e0b"},
    {file = "black-19.10b0.tar.gz", hash = "sha256:c2edb73a08e9e0e6f65a0e6af18b059b8b1cdd5bef997d7a0b181df93dc81539"},
]
click = [
    {file = "Click-7.0-py2.py3-none-any.whl", hash = "sha256:2335065e6395b9e67ca716de5f7526736bfa6ceead690adf616d925bdc622b13"},
    {file = "Click-7.0.tar.gz", hash = "sha256:5b94b49521f6456670fdb30cd82a4eca9412788a93fa6dd6df72c94d5a8ff2d7"},
]
colorama = [
    {file = "colorama-0.4.3-py2.py3-none-any.whl", hash = "sha256:7d73d2a99753107a36ac6b455ee49046802e59d9d076ef8e47b61499fa29afff"},
    {file = "colorama-0.4.3.tar.gz", hash = "sha256:e96da0d330793e2cb9485e9ddfd918d456036c7149416295932478192f4436a1"},
]
contextlib2 = [
    {file = "contextlib2-0.6.0.post1-py2.py3-none-any.whl", hash = "sha256:3355078a159fbb44ee60ea80abd0d87b80b78c248643b49aa6d94673b413609b"},
    {file = "contextlib2-0.6.0.post1.tar.gz", hash = "sha256:01f490098c18b19d2bd5bb5dc445b2054d2fa97f09a4280ba2c5f3c394c8162e"},
]
entrypoints = [
    {file = "entrypoints-0.3-py2.py3-none-any.whl", hash = "sha256:589f874b313739ad35be6e0cd7efde2a4e9b6fea91edcc34e58ecbb8dbe56d19"},
    {file = "entrypoints-0.3.tar.gz", hash = "sha256:c70dd71abe5a8c85e55e12c19bd91ccfeec11a6e99044204511f9ed547d48451"},
]
flake8 = [
    {file = "flake8-3.7.9-py2.py3-none-any.whl", hash = "sha256:49356e766643ad15072a789a20915d3c91dc89fd313ccd71802303fd67e4deca"},
    {file = "flake8-3.7.9.tar.gz", hash = "sha256:45681a117ecc81e870cbf1262835ae4af5e7a8b08e40b944a8a6e6b895914cfb"},
]
flask = [
    {file = "Flask-0.12.4-py2.py3-none-any.whl", hash = "sha256:6c02dbaa5a9ef790d8219bdced392e2d549c10cd5a5ba4b6aa65126b2271af29"},
    {file = "Flask-0.12.4.tar.gz", hash = "sha256:2ea22336f6d388b4b242bc3abf8a01244a8aa3e236e7407469ef78c16ba355dd"},
]
funcy = [
    {file = "funcy-1.14.tar.gz", hash = "sha256:75ee84c3b446f92e68a857c2267b15a1b49c631c9d5a87a5f063cd2d6761a5c4"},
]
future = [
    {file = "future-0.18.2.tar.gz", hash = "sha256:b1bead90b70cf6ec3f0710ae53a525360fa360d306a86583adc6bf83a4db537d"},
]
grpcio = [
    {file = "grpcio-1.26.0-cp27-cp27m-macosx_10_9_x86_64.whl", hash = "sha256:f6580a8a4f5e701289b45fd62a8f6cb5ec41e4d77082424f8b676806dcd22564"},
    {file = "grpcio-1.26.0-cp27-cp27m-manylinux1_i686.whl", hash = "sha256:cd3d3e328f20f7c807a862620c6ee748e8d57ba2a8fc960d48337ed71c6d9d32"},
    {file = "grpcio-1.26.0-cp27-cp27m-manylinux1_x86_64.whl", hash = "sha256:bfd7d3130683a1a0a50c456273c21ec8a604f2d043b241a55235a78a0090ee06"},
    {file = "grpcio-1.26.0-cp27-cp27m-manylinux2010_i686.whl", hash = "sha256:99fd873699df17cb11c542553270ae2b32c169986e475df0d68a8629b8ef4df7"},
    {file = "grpcio-1.26.0-cp27-cp27m-manylinux2010_x86_64.whl", hash = "sha256:6edda1b96541187f73aab11800d25f18ee87e53d5f96bb74473873072bf28a0e"},
    {file = "grpcio-1.26.0-cp27-cp27m-win32.whl", hash = "sha256:ffec45b0db18a555fdfe0c6fa2d0a3fceb751b22b31e8fcd14ceed7bde05481e"},
    {file = "grpcio-1.26.0-cp27-cp27m-win_amd64.whl", hash = "sha256:066630f6b62bffa291dacbee56994279a6a3682b8a11967e9ccaf3cc770fc11e"},
    {file = "grpcio-1.26.0-cp27-cp27mu-linux_armv7l.whl", hash = "sha256:5b0fa09efb33e2af4e8822b4eb8b2cbc201d562e3e185c439be7eaeee2e8b8aa"},
    {file = "grpcio-1.26.0-cp27-cp27mu-manylinux1_i686.whl", hash = "sha256:c6c2db348ac73d73afe14e0833b18abbbe920969bf2c5c03c0922719f8020d06"},
    {file = "grpcio-1.26.0-cp27-cp27mu-manylinux1_x86_64.whl", hash = "sha256:bdb2f3dcb664f0c39ef1312cd6acf6bc6375252e4420cf8f36fff4cb4fa55c71"},
    {file = "grpcio-1.26.0-cp27-cp27mu-manylinux2010_i686.whl", hash = "sha256:d9542366a0917b9b48bab1fee481ac01f56bdffc52437b598c09e7840148a6a9"},
    {file = "grpcio-1.26.0-cp27-cp27mu-manylinux2010_x86_64.whl", hash = "sha256:d1a481777952e4f99b8a6956581f3ee866d7614100d70ae6d7e07327570b85ce"},
    {file = "grpcio-1.26.0-cp35-cp35m-linux_armv7l.whl", hash = "sha256:57be5a6c509a406fe0ffa6f8b86904314c77b5e2791be8123368ad2ebccec874"},
    {file = "grpcio-1.26.0-cp35-cp35m-macosx_10_7_intel.whl", hash = "sha256:6d8ab28559be98b02f8b3a154b53239df1aa5b0d28ff865ae5be4f30e7ed4d3f"},
    {file = "grpcio-1.26.0-cp35-cp35m-manylinux1_i686.whl", hash = "sha256:cb7a4b41b5e2611f85c3402ac364f1d689f5d7ecbc24a55ef010eedcd6cf460f"},
    {file = "grpcio-1.26.0-cp35-cp35m-manylinux1_x86_64.whl", hash = "sha256:2f78ebf340eaf28fa09aba0f836a8b869af1716078dfe8f3b3f6ff785d8f2b0f"},
    {file = "grpcio-1.26.0-cp35-cp35m-manylinux2010_i686.whl", hash = "sha256:d1d49720ed636920bb3d74cedf549382caa9ad55aea89d1de99d817068d896b2"},
    {file = "grpcio-1.26.0-cp35-cp35m-manylinux2010_x86_64.whl", hash = "sha256:33a07a1a8e817d733588dbd18e567caad1a6fe0d440c165619866cd490c7911a"},
    {file = "grpcio-1.26.0-cp35-cp35m-win32.whl", hash = "sha256:d44c34463a7c481e076f691d8fa25d080c3486978c2c41dca09a8dd75296c2d7"},
    {file = "grpcio-1.26.0-cp35-cp35m-win_amd64.whl", hash = "sha256:b6fda5674f990e15e1bcaacf026428cf50bce36e708ddcbd1de9673b14aab760"},
    {file = "grpcio-1.26.0-cp36-cp36m-linux_armv7l.whl", hash = "sha256:d7e5b7af1350e9c8c17a7baf99d575fbd2de69f7f0b0e6ebd47b57506de6493a"},
    {file = "grpcio-1.26.0-cp36-cp36m-macosx_10_9_x86_64.whl", hash = "sha256:0a0fb2f8e3a13537106bc77e4c63005bc60124a6203034304d9101921afa4e90"},
    {file = "grpcio-1.26.0-cp36-cp36m-manylinux1_i686.whl", hash = "sha256:9939727d9ae01690b24a2b159ac9dbca7b7e8e6edd5af6a6eb709243cae7b52b"},
    {file = "grpcio-1.26.0-cp36-cp36m-manylinux1_x86_64.whl", hash = "sha256:ed10e5fad105ecb0b12822f924e62d0deb07f46683a0b64416b17fd143daba1d"},
    {file = "grpcio-1.26.0-cp36-cp36m-manylinux2010_i686.whl", hash = "sha256:1c6e0f6b9d091e3717e9a58d631c8bb4898be3b261c2a01fe46371fdc271052f"},
    {file = "grpcio-1.26.0-cp36-cp36m-manylinux2010_x86_64.whl", hash = "sha256:d42433f0086cccd192114343473d7dbd4aae9141794f939e2b7b83efc57543db"},
    {file = "grpcio-1.26.0-cp36-cp36m-win32.whl", hash = "sha256:df7cdfb40179acc9790a462c049e0b8e109481164dd7ad1a388dd67ff1528759"},
    {file = "grpcio-1.26.0-cp36-cp36m-win_amd64.whl", hash = "sha256:6a43d2f2ff8250f200fdf7aa31fa191a997922aa9ea1182453acd705ad83ab72"},
    {file = "grpcio-1.26.0-cp37-cp37m-macosx_10_9_x86_64.whl", hash = "sha256:f7b83e4b2842d44fce3cdc0d54db7a7e0d169a598751bf393601efaa401c83e0"},
    {file = "grpcio-1.26.0-cp37-cp37m-manylinux1_i686.whl", hash = "sha256:f0ec5371ce2363b03531ed522bfbe691ec940f51f0e111f0500fc0f44518c69d"},
    {file = "grpcio-1.26.0-cp37-cp37m-manylinux1_x86_64.whl", hash = "sha256:42b903a3596a10e2a3727bae2a76f8aefd324d498424b843cfa9606847faea7b"},
    {file = "grpcio-1.26.0-cp37-cp37m-manylinux2010_i686.whl", hash = "sha256:0c61b74dcfb302613926e785cb3542a0905b9a3a86e9410d8cf5d25e25e10104"},
    {file = "grpcio-1.26.0-cp37-cp37m-manylinux2010_x86_64.whl", hash = "sha256:8d866aafb08657c456a18c4a31c8526ea62de42427c242b58210b9eae6c64559"},
    {file = "grpcio-1.26.0-cp37-cp37m-win32.whl", hash = "sha256:13383bd70618da03684a8aafbdd9e3d9a6720bf8c07b85d0bc697afed599d8f0"},
    {file = "grpcio-1.26.0-cp37-cp37m-win_amd64.whl", hash = "sha256:4fffbb58134c4f23e5a8312ac3412db6f5e39e961dc0eb5e3115ce5aa16bf927"},
    {file = "grpcio-1.26.0-cp38-cp38-macosx_10_9_x86_64.whl", hash = "sha256:7109c8738a8a3c98cfb5dda1c45642a8d6d35dc00d257ab7a175099b2b4daecd"},
    {file = "grpcio-1.26.0-cp38-cp38-manylinux1_i686.whl", hash = "sha256:e1a9d9d2e7224d981aea8da79260c7f6932bf31ce1f99b7ccfa5eceeb30dc5d0"},
    {file = "grpcio-1.26.0-cp38-cp38-manylinux1_x86_64.whl", hash = "sha256:6e47866b7dc14ca3a12d40c1d6082e7bea964670f1c5315ea0fb8b0550244d64"},
    {file = "grpcio-1.26.0-cp38-cp38-manylinux2010_i686.whl", hash = "sha256:07e95762ca6b18afbeb3aa2793e827c841152d5e507089b1db0b18304edda105"},
    {file = "grpcio-1.26.0-cp38-cp38-manylinux2010_x86_64.whl", hash = "sha256:2da5cee9faf17bb8daf500cd0d28a17ae881ab5500f070a6aace457f4c08cac4"},
    {file = "grpcio-1.26.0-cp38-cp38-win32.whl", hash = "sha256:3d090c66af9c065b7228b07c3416f93173e9839b1d40bb0ce3dd2aa783645026"},
    {file = "grpcio-1.26.0-cp38-cp38-win_amd64.whl", hash = "sha256:1cf710c04689daa5cc1e598efba00b028215700dcc1bf66fcb7b4f64f2ea5d5f"},
    {file = "grpcio-1.26.0.tar.gz", hash = "sha256:5ef42dfc18f9a63a06aca938770b69470bb322e4c137cf08cf21703d1ef4ae5c"},
]
grpcio-opentracing = [
    {file = "grpcio-opentracing-1.1.4.tar.gz", hash = "sha256:c90ac0ceac31d96a4e92742064fad099d42115df36cb33adf5eea6526204a130"},
    {file = "grpcio_opentracing-1.1.4-py3-none-any.whl", hash = "sha256:cea56f355ffc1fdbecef98df127fbce5435745f4b134f3b2874a4246823d93ef"},
]
grpcio-reflection = [
    {file = "grpcio-reflection-1.26.0.tar.gz", hash = "sha256:c49f194e9242795e889f83a8ac249f50e04f1e9a6fbe9323c5e2cecaa96fa730"},
]
grpcio-tools = [
    {file = "grpcio-tools-1.26.0.tar.gz", hash = "sha256:5580b86cf49936c9c74f0def44d3582a7a1bb720eba8a14805c3a61efa790c70"},
    {file = "grpcio_tools-1.26.0-cp27-cp27m-macosx_10_9_x86_64.whl", hash = "sha256:809d60f15a32c21dc221ddb591aff8adfdde4e05095414eb8e015cdfef361615"},
    {file = "grpcio_tools-1.26.0-cp27-cp27m-manylinux1_i686.whl", hash = "sha256:675918f83fa35bd54f4c29d95d8652c6215d5e95a13b6f14e626cdef6d0fce79"},
    {file = "grpcio_tools-1.26.0-cp27-cp27m-manylinux1_x86_64.whl", hash = "sha256:826c19f26b41e99691e77823ad67f04dc0b69e514212907695e330c6f106415c"},
    {file = "grpcio_tools-1.26.0-cp27-cp27m-manylinux2010_i686.whl", hash = "sha256:4e9a1276f8699d06518cec8caceb2c423fc7f971765cab7550d39f281795fd81"},
    {file = "grpcio_tools-1.26.0-cp27-cp27m-manylinux2010_x86_64.whl", hash = "sha256:51ac9c4f8a542cd20c6776fde781c84c0acd8faba55ec14f121c6b4eb4245e89"},
    {file = "grpcio_tools-1.26.0-cp27-cp27m-win32.whl", hash = "sha256:a209002e3d4787f0e90e29f15cddbe83dc9054238c0da7f539c913002a348cc1"},
    {file = "grpcio_tools-1.26.0-cp27-cp27m-win_amd64.whl", hash = "sha256:376a1840d1f5d25e9c3391557d6b3eeb3de17be697b0e55d8247d0262fcbaacf"},
    {file = "grpcio_tools-1.26.0-cp27-cp27mu-linux_armv7l.whl", hash = "sha256:bba8d3b61ec113bb94596599d2568217b22ddfc7baa46c00dec5106cfd4e914b"},
    {file = "grpcio_tools-1.26.0-cp27-cp27mu-manylinux1_i686.whl", hash = "sha256:1e80f74854bd1c7263942e836d69f95ffc66bb45bf14bf3e1ab61113271b5884"},
    {file = "grpcio_tools-1.26.0-cp27-cp27mu-manylinux1_x86_64.whl", hash = "sha256:dcbd1fbb540638c9ad9c3a071b392b654f79666a2bc12808080b0e9f674b9a80"},
    {file = "grpcio_tools-1.26.0-cp27-cp27mu-manylinux2010_i686.whl", hash = "sha256:6cea124cbd9081a587e1954b98e9a27c7cca6ae72babc3046ab6b439a5730679"},
    {file = "grpcio_tools-1.26.0-cp27-cp27mu-manylinux2010_x86_64.whl", hash = "sha256:ab841c69581085b6f9aa54044a13db6ec31183513f7cce0862d29c9b7b4e3c64"},
    {file = "grpcio_tools-1.26.0-cp35-cp35m-linux_armv7l.whl", hash = "sha256:1783b8fa74f58a643e7780112fc4eb6110789672e852a691fad6af6b94a90c4a"},
    {file = "grpcio_tools-1.26.0-cp35-cp35m-macosx_10_9_intel.whl", hash = "sha256:033a4e80dc78d9c11860800bd5a66b65ff385be8f669e96b02e795364c860597"},
    {file = "grpcio_tools-1.26.0-cp35-cp35m-manylinux1_i686.whl", hash = "sha256:eae371a663ceeef8f930323a120a9d11e13e1c49903a66ddb4ada4830d5bcb7d"},
    {file = "grpcio_tools-1.26.0-cp35-cp35m-manylinux1_x86_64.whl", hash = "sha256:b97e74ffe121dfa9ae7ec94393fce4e95e9e0a343827663e989dc4b7c918d1a5"},
    {file = "grpcio_tools-1.26.0-cp35-cp35m-manylinux2010_i686.whl", hash = "sha256:da75e33e185c8be17a82ec4a97f5c75ec05d57e85f8b285f86e2a22484849e4a"},
    {file = "grpcio_tools-1.26.0-cp35-cp35m-manylinux2010_x86_64.whl", hash = "sha256:facb8c588cdd6adc51ae7545f59283565dae8d946c6163e578b70ab6bf161215"},
    {file = "grpcio_tools-1.26.0-cp35-cp35m-win32.whl", hash = "sha256:68259fd06188951d152665ffe44f9660edd715c102ae4bc4216eca4c4666dadf"},
    {file = "grpcio_tools-1.26.0-cp35-cp35m-win_amd64.whl", hash = "sha256:d396fdb7026986e6d3897bb207cc7d5bc536a82a2e50af806a24b3d254c73bc3"},
    {file = "grpcio_tools-1.26.0-cp36-cp36m-linux_armv7l.whl", hash = "sha256:9af72b764b41ba939e8e0a7ae9ec8a17d1c46a18797c6342cba6483f29e1790f"},
    {file = "grpcio_tools-1.26.0-cp36-cp36m-macosx_10_9_x86_64.whl", hash = "sha256:9a2091371298f04ef350f776365945537d0befa95bad5623d80c4207bdff9d3a"},
    {file = "grpcio_tools-1.26.0-cp36-cp36m-manylinux1_i686.whl", hash = "sha256:7f7430434bd997584f2136a675559ba0d4afdf7cb71d9bbc429b0cc831e6828c"},
    {file = "grpcio_tools-1.26.0-cp36-cp36m-manylinux1_x86_64.whl", hash = "sha256:58a879208bd84d6819a61c1b0618655574ef9df1d63a0e2f434fdcb5cfa1fb57"},
    {file = "grpcio_tools-1.26.0-cp36-cp36m-manylinux2010_i686.whl", hash = "sha256:c15f0718cbc3986e747d5b0734198dce0ac07d188ec5e063b1e9889ac947f86e"},
    {file = "grpcio_tools-1.26.0-cp36-cp36m-manylinux2010_x86_64.whl", hash = "sha256:d62ab00dea7fa0813fc813a6c848da2eeda5cb71893b892a229d23949de0cecd"},
    {file = "grpcio_tools-1.26.0-cp36-cp36m-win32.whl", hash = "sha256:0e3b5469912430f19407ebe14cfd1bece1b5a277c4d43e1b65dbff19d9475ccc"},
    {file = "grpcio_tools-1.26.0-cp36-cp36m-win_amd64.whl", hash = "sha256:a908d5af2f26673e970c7c03703437bf95d10e88dad3322e7e267467db44a04d"},
    {file = "grpcio_tools-1.26.0-cp37-cp37m-macosx_10_9_x86_64.whl", hash = "sha256:0286f704e55e3012fec3910400fe1a4ed11aeb66d3ec4b7f8041845af7fb7206"},
    {file = "grpcio_tools-1.26.0-cp37-cp37m-manylinux1_i686.whl", hash = "sha256:6f356a445ba7afc634b1046d9f51d3ae37afbf4fe1a500285aca37677462a7b9"},
    {file = "grpcio_tools-1.26.0-cp37-cp37m-manylinux1_x86_64.whl", hash = "sha256:4ba7e5afc93b413bbb5f3dd65ba583e078ff5895a5053d825ab793cf7720ae96"},
    {file = "grpcio_tools-1.26.0-cp37-cp37m-manylinux2010_i686.whl", hash = "sha256:33c6bee5a02408018dc10a5737818d2159f14cbb0613df41cc93ba6cbaeea095"},
    {file = "grpcio_tools-1.26.0-cp37-cp37m-manylinux2010_x86_64.whl", hash = "sha256:96c6f657b93f49243d083840d27a5a686a1fc26044a80ebf8585734d5152d4ee"},
    {file = "grpcio_tools-1.26.0-cp37-cp37m-win32.whl", hash = "sha256:fb043e45f91634776acdfe4b8dfc96b636c53a458799179041ab633e15c3d833"},
    {file = "grpcio_tools-1.26.0-cp37-cp37m-win_amd64.whl", hash = "sha256:f290cccc972533a288c2ebc55eb3c0fbe0c6a0d0a9775cb34ce6bfb11fe14a11"},
    {file = "grpcio_tools-1.26.0-cp38-cp38-macosx_10_9_x86_64.whl", hash = "sha256:c56d0ac769bf1f01dbb6ec6b6492849e70cd35bdeeb660e206a70ab43917ae92"},
    {file = "grpcio_tools-1.26.0-cp38-cp38-manylinux1_i686.whl", hash = "sha256:131aa8c3862a555819428856f872ab9e919e351d7cd60c98012e12d2fb6afc45"},
    {file = "grpcio_tools-1.26.0-cp38-cp38-manylinux1_x86_64.whl", hash = "sha256:b1bc78efefb8e085c072add2c02326fdecad9b8644b3be11e715ea4c6102ad87"},
    {file = "grpcio_tools-1.26.0-cp38-cp38-manylinux2010_i686.whl", hash = "sha256:bfe0e33aea60da100b214c72c1746cc0194bb8da910004518c185041cc795543"},
    {file = "grpcio_tools-1.26.0-cp38-cp38-manylinux2010_x86_64.whl", hash = "sha256:27ae784acff3d2fa04e3b4dc72f8d60a55d654f90e410adf08f46a4d2d673dd3"},
    {file = "grpcio_tools-1.26.0-cp38-cp38-win32.whl", hash = "sha256:3922dffd8160d54dc00c7d32b30776a974cc098086493c668faffac19e752087"},
    {file = "grpcio_tools-1.26.0-cp38-cp38-win_amd64.whl", hash = "sha256:e7e90bad5466347a3648358e9f437e72d5f6d6025fe741171a88aca8b9d864df"},
]
importlib-metadata = [
    {file = "importlib_metadata-1.3.0-py2.py3-none-any.whl", hash = "sha256:d95141fbfa7ef2ec65cfd945e2af7e5a6ddbd7c8d9a25e66ff3be8e3daf9f60f"},
    {file = "importlib_metadata-1.3.0.tar.gz", hash = "sha256:073a852570f92da5f744a3472af1b61e28e9f78ccf0c9117658dc32b15de7b45"},
]
isort = [
    {file = "isort-4.3.21-py2.py3-none-any.whl", hash = "sha256:6e811fcb295968434526407adb8796944f1988c5b65e8139058f2014cbe100fd"},
    {file = "isort-4.3.21.tar.gz", hash = "sha256:54da7e92468955c4fceacd0c86bd0ec997b0e1ee80d97f67c35a78b719dccab1"},
]
itsdangerous = [
    {file = "itsdangerous-1.1.0-py2.py3-none-any.whl", hash = "sha256:b12271b2047cb23eeb98c8b5622e2e5c5e9abd9784a153e9d8ef9cb4dd09d749"},
    {file = "itsdangerous-1.1.0.tar.gz", hash = "sha256:321b033d07f2a4136d3ec762eac9f16a10ccd60f53c0c91af90217ace7ba1f19"},
]
jinja2 = [
    {file = "Jinja2-2.10.3-py2.py3-none-any.whl", hash = "sha256:74320bb91f31270f9551d46522e33af46a80c3d619f4a4bf42b3164d30b5911f"},
    {file = "Jinja2-2.10.3.tar.gz", hash = "sha256:9fe95f19286cfefaa917656583d020be14e7859c6b0252588391e47db34527de"},
]
markupsafe = [
    {file = "MarkupSafe-1.1.1-cp27-cp27m-macosx_10_6_intel.whl", hash = "sha256:09027a7803a62ca78792ad89403b1b7a73a01c8cb65909cd876f7fcebd79b161"},
    {file = "MarkupSafe-1.1.1-cp27-cp27m-manylinux1_i686.whl", hash = "sha256:e249096428b3ae81b08327a63a485ad0878de3fb939049038579ac0ef61e17e7"},
    {file = "MarkupSafe-1.1.1-cp27-cp27m-manylinux1_x86_64.whl", hash = "sha256:500d4957e52ddc3351cabf489e79c91c17f6e0899158447047588650b5e69183"},
    {file = "MarkupSafe-1.1.1-cp27-cp27m-win32.whl", hash = "sha256:b2051432115498d3562c084a49bba65d97cf251f5a331c64a12ee7e04dacc51b"},
    {file = "MarkupSafe-1.1.1-cp27-cp27m-win_amd64.whl", hash = "sha256:98c7086708b163d425c67c7a91bad6e466bb99d797aa64f965e9d25c12111a5e"},
    {file = "MarkupSafe-1.1.1-cp27-cp27mu-manylinux1_i686.whl", hash = "sha256:cd5df75523866410809ca100dc9681e301e3c27567cf498077e8551b6d20e42f"},
    {file = "MarkupSafe-1.1.1-cp27-cp27mu-manylinux1_x86_64.whl", hash = "sha256:43a55c2930bbc139570ac2452adf3d70cdbb3cfe5912c71cdce1c2c6bbd9c5d1"},
    {file = "MarkupSafe-1.1.1-cp34-cp34m-macosx_10_6_intel.whl", hash = "sha256:1027c282dad077d0bae18be6794e6b6b8c91d58ed8a8d89a89d59693b9131db5"},
    {file = "MarkupSafe-1.1.1-cp34-cp34m-manylinux1_i686.whl", hash = "sha256:62fe6c95e3ec8a7fad637b7f3d372c15ec1caa01ab47926cfdf7a75b40e0eac1"},
    {file = "MarkupSafe-1.1.1-cp34-cp34m-manylinux1_x86_64.whl", hash = "sha256:88e5fcfb52ee7b911e8bb6d6aa2fd21fbecc674eadd44118a9cc3863f938e735"},
    {file = "MarkupSafe-1.1.1-cp34-cp34m-win32.whl", hash = "sha256:ade5e387d2ad0d7ebf59146cc00c8044acbd863725f887353a10df825fc8ae21"},
    {file = "MarkupSafe-1.1.1-cp34-cp34m-win_amd64.whl", hash = "sha256:09c4b7f37d6c648cb13f9230d847adf22f8171b1ccc4d5682398e77f40309235"},
    {file = "MarkupSafe-1.1.1-cp35-cp35m-macosx_10_6_intel.whl", hash = "sha256:79855e1c5b8da654cf486b830bd42c06e8780cea587384cf6545b7d9ac013a0b"},
    {file = "MarkupSafe-1.1.1-cp35-cp35m-manylinux1_i686.whl", hash = "sha256:c8716a48d94b06bb3b2524c2b77e055fb313aeb4ea620c8dd03a105574ba704f"},
    {file = "MarkupSafe-1.1.1-cp35-cp35m-manylinux1_x86_64.whl", hash = "sha256:7c1699dfe0cf8ff607dbdcc1e9b9af1755371f92a68f706051cc8c37d447c905"},
    {file = "MarkupSafe-1.1.1-cp35-cp35m-win32.whl", hash = "sha256:6dd73240d2af64df90aa7c4e7481e23825ea70af4b4922f8ede5b9e35f78a3b1"},
    {file = "MarkupSafe-1.1.1-cp35-cp35m-win_amd64.whl", hash = "sha256:9add70b36c5666a2ed02b43b335fe19002ee5235efd4b8a89bfcf9005bebac0d"},
    {file = "MarkupSafe-1.1.1-cp36-cp36m-macosx_10_6_intel.whl", hash = "sha256:24982cc2533820871eba85ba648cd53d8623687ff11cbb805be4ff7b4c971aff"},
    {file = "MarkupSafe-1.1.1-cp36-cp36m-manylinux1_i686.whl", hash = "sha256:00bc623926325b26bb9605ae9eae8a215691f33cae5df11ca5424f06f2d1f473"},
    {file = "MarkupSafe-1.1.1-cp36-cp36m-manylinux1_x86_64.whl", hash = "sha256:717ba8fe3ae9cc0006d7c451f0bb265ee07739daf76355d06366154ee68d221e"},
    {file = "MarkupSafe-1.1.1-cp36-cp36m-win32.whl", hash = "sha256:535f6fc4d397c1563d08b88e485c3496cf5784e927af890fb3c3aac7f933ec66"},
    {file = "MarkupSafe-1.1.1-cp36-cp36m-win_amd64.whl", hash = "sha256:b1282f8c00509d99fef04d8ba936b156d419be841854fe901d8ae224c59f0be5"},
    {file = "MarkupSafe-1.1.1-cp37-cp37m-macosx_10_6_intel.whl", hash = "sha256:8defac2f2ccd6805ebf65f5eeb132adcf2ab57aa11fdf4c0dd5169a004710e7d"},
    {file = "MarkupSafe-1.1.1-cp37-cp37m-manylinux1_i686.whl", hash = "sha256:46c99d2de99945ec5cb54f23c8cd5689f6d7177305ebff350a58ce5f8de1669e"},
    {file = "MarkupSafe-1.1.1-cp37-cp37m-manylinux1_x86_64.whl", hash = "sha256:ba59edeaa2fc6114428f1637ffff42da1e311e29382d81b339c1817d37ec93c6"},
    {file = "MarkupSafe-1.1.1-cp37-cp37m-win32.whl", hash = "sha256:b00c1de48212e4cc9603895652c5c410df699856a2853135b3967591e4beebc2"},
    {file = "MarkupSafe-1.1.1-cp37-cp37m-win_amd64.whl", hash = "sha256:9bf40443012702a1d2070043cb6291650a0841ece432556f784f004937f0f32c"},
    {file = "MarkupSafe-1.1.1.tar.gz", hash = "sha256:29872e92839765e546828bb7754a68c418d927cd064fd4708fab9fe9c8bb116b"},
]
mccabe = [
    {file = "mccabe-0.6.1-py2.py3-none-any.whl", hash = "sha256:ab8a6258860da4b6677da4bd2fe5dc2c659cff31b3ee4f7f5d64e79735b80d42"},
    {file = "mccabe-0.6.1.tar.gz", hash = "sha256:dd8d182285a0fe56bace7f45b5e7d1a6ebcbf524e8f3bd87eb0f125271b8831f"},
]
more-itertools = [
    {file = "more-itertools-8.0.2.tar.gz", hash = "sha256:b84b238cce0d9adad5ed87e745778d20a3f8487d0f0cb8b8a586816c7496458d"},
    {file = "more_itertools-8.0.2-py3-none-any.whl", hash = "sha256:c833ef592a0324bcc6a60e48440da07645063c453880c9477ceb22490aec1564"},
]
opentracing = [
    {file = "opentracing-2.3.0.tar.gz", hash = "sha256:33b10634917a7496a7e3a18b18b7c055053d0a8da5101e2a95d454783cac9765"},
]
opentracing-instrumentation = [
    {file = "opentracing_instrumentation-3.2.1-py3-none-any.whl", hash = "sha256:918b1f52e3db035002bb26a366bb6cbaea9715d567015ce9f514e08047f84185"},
    {file = "opentracing_instrumentation-3.2.1.tar.gz", hash = "sha256:a8fb8499c6ab71665313c179e327b406bfa09b0277bd7cb02b2941eaa659d8dd"},
]
packaging = [
    {file = "packaging-20.0-py2.py3-none-any.whl", hash = "sha256:aec3fdbb8bc9e4bb65f0634b9f551ced63983a529d6a8931817d52fdd0816ddb"},
    {file = "packaging-20.0.tar.gz", hash = "sha256:fe1d8331dfa7cc0a883b49d75fc76380b2ab2734b220fbb87d774e4fd4b851f8"},
]
pathspec = [
    {file = "pathspec-0.7.0-py2.py3-none-any.whl", hash = "sha256:163b0632d4e31cef212976cf57b43d9fd6b0bac6e67c26015d611a647d5e7424"},
    {file = "pathspec-0.7.0.tar.gz", hash = "sha256:562aa70af2e0d434367d9790ad37aed893de47f1693e4201fd1d3dca15d19b96"},
]
pluggy = [
    {file = "pluggy-0.13.1-py2.py3-none-any.whl", hash = "sha256:966c145cd83c96502c3c3868f50408687b38434af77734af1e9ca461a4081d2d"},
    {file = "pluggy-0.13.1.tar.gz", hash = "sha256:15b2acde666561e1298d71b523007ed7364de07029219b604cf808bfa1c765b0"},
]
prometheus-client = [
    {file = "prometheus_client-0.7.1.tar.gz", hash = "sha256:71cd24a2b3eb335cb800c7159f423df1bd4dcd5171b234be15e3f31ec9f622da"},
]
protobuf = [
    {file = "protobuf-3.11.2-cp27-cp27m-macosx_10_9_x86_64.whl", hash = "sha256:3f509f7e50d806a434fe4a5fbf602516002a0f092889209fff7db82060efffc0"},
    {file = "protobuf-3.11.2-cp27-cp27mu-manylinux1_x86_64.whl", hash = "sha256:4571da974019849201fc1ec6626b9cea54bd11b6bed140f8f737c0a33ea37de5"},
    {file = "protobuf-3.11.2-cp35-cp35m-macosx_10_9_intel.whl", hash = "sha256:0329e86a397db2a83f9dcbe21d9be55a47f963cdabc893c3a24f4d3a8f117c37"},
    {file = "protobuf-3.11.2-cp35-cp35m-manylinux1_x86_64.whl", hash = "sha256:56bd1d84fbf4505c7b73f04de987eef5682e5752c811141b0186a3809bfb396f"},
    {file = "protobuf-3.11.2-cp35-cp35m-win32.whl", hash = "sha256:919f0d6f6addc836d08658eba3b52be2e92fd3e76da3ce00c325d8e9826d17c7"},
    {file = "protobuf-3.11.2-cp35-cp35m-win_amd64.whl", hash = "sha256:14d6ac53df9cb5bb87c4f91b677c1bc5cec9c0fd44327f367a3c9562de2877c4"},
    {file = "protobuf-3.11.2-cp36-cp36m-macosx_10_9_x86_64.whl", hash = "sha256:6e96dffaf4d0a9a329e528b353ba62fd9ef13599688723d96bc9c165d0b6871e"},
    {file = "protobuf-3.11.2-cp36-cp36m-manylinux1_x86_64.whl", hash = "sha256:6b5b947dc8b3f2aec0eaad65b0b5113fcd642c358c31357c647da6281ee31104"},
    {file = "protobuf-3.11.2-cp36-cp36m-win32.whl", hash = "sha256:680c668d00b5eff08b86aef9e5ba9a705e621ea05d39071cfea8e28cb2400946"},
    {file = "protobuf-3.11.2-cp36-cp36m-win_amd64.whl", hash = "sha256:9c7b19c30cf0644afd0e4218b13f637ce54382fdcb1c8f75bf3e84e49a5f6d0a"},
    {file = "protobuf-3.11.2-cp37-cp37m-macosx_10_9_x86_64.whl", hash = "sha256:d61b14a9090da77fe87e38ba4c6c43d3533dcbeb5d84f5474e7ac63c532dcc9c"},
    {file = "protobuf-3.11.2-cp37-cp37m-manylinux1_x86_64.whl", hash = "sha256:a2e6f57114933882ec701807f217df2fb4588d47f71f227c0a163446b930d507"},
    {file = "protobuf-3.11.2-cp37-cp37m-win32.whl", hash = "sha256:0a7219254afec0d488211f3d482d8ed57e80ae735394e584a98d8f30a8c88a36"},
    {file = "protobuf-3.11.2-cp37-cp37m-win_amd64.whl", hash = "sha256:a6b970a2eccfcbabe1acf230fbf112face1c4700036c95e195f3554d7bcb04c1"},
    {file = "protobuf-3.11.2-cp38-cp38-macosx_10_9_x86_64.whl", hash = "sha256:d6faf5dbefb593e127463f58076b62fcfe0784187be8fe1aa9167388f24a22a1"},
    {file = "protobuf-3.11.2-cp38-cp38-manylinux1_x86_64.whl", hash = "sha256:bc45641cbcdea068b67438244c926f9fd3e5cbdd824448a4a64370610df7c593"},
    {file = "protobuf-3.11.2-py2.7.egg", hash = "sha256:557686c43fbd04f5f7c533f00feee9a37dcca7b5896e3ae3664a33864e6dd546"},
    {file = "protobuf-3.11.2-py2.py3-none-any.whl", hash = "sha256:180fc364b42907a1d2afa183ccbeffafe659378c236b1ec3daca524950bb918d"},
    {file = "protobuf-3.11.2.tar.gz", hash = "sha256:3d7a7d8d20b4e7a8f63f62de2d192cfd8b7a53c56caba7ece95367ca2b80c574"},
]
py = [
    {file = "py-1.8.1-py2.py3-none-any.whl", hash = "sha256:c20fdd83a5dbc0af9efd622bee9a5564e278f6380fffcacc43ba6f43db2813b0"},
    {file = "py-1.8.1.tar.gz", hash = "sha256:5e27081401262157467ad6e7f851b7aa402c5852dbcb3dae06768434de5752aa"},
]
pycodestyle = [
    {file = "pycodestyle-2.5.0-py2.py3-none-any.whl", hash = "sha256:95a2219d12372f05704562a14ec30bc76b05a5b297b21a5dfe3f6fac3491ae56"},
    {file = "pycodestyle-2.5.0.tar.gz", hash = "sha256:e40a936c9a450ad81df37f549d676d127b1b66000a6c500caa2b085bc0ca976c"},
]
pyflakes = [
    {file = "pyflakes-2.1.1-py2.py3-none-any.whl", hash = "sha256:17dbeb2e3f4d772725c777fabc446d5634d1038f234e77343108ce445ea69ce0"},
    {file = "pyflakes-2.1.1.tar.gz", hash = "sha256:d976835886f8c5b31d47970ed689944a0262b5f3afa00a5a7b4dc81e5449f8a2"},
]
pyparsing = [
    {file = "pyparsing-2.4.6-py2.py3-none-any.whl", hash = "sha256:c342dccb5250c08d45fd6f8b4a559613ca603b57498511740e65cd11a2e7dcec"},
    {file = "pyparsing-2.4.6.tar.gz", hash = "sha256:4c830582a84fb022400b85429791bc551f1f4871c33f23e44f353119e92f969f"},
]
pytest = [
    {file = "pytest-5.3.2-py3-none-any.whl", hash = "sha256:e41d489ff43948babd0fad7ad5e49b8735d5d55e26628a58673c39ff61d95de4"},
    {file = "pytest-5.3.2.tar.gz", hash = "sha256:6b571215b5a790f9b41f19f3531c53a45cf6bb8ef2988bc1ff9afb38270b25fa"},
]
pytz = [
    {file = "pytz-2019.3-py2.py3-none-any.whl", hash = "sha256:1c557d7d0e871de1f5ccd5833f60fb2550652da6be2693c1e02300743d21500d"},
    {file = "pytz-2019.3.tar.gz", hash = "sha256:b02c06db6cf09c12dd25137e563b31700d3b80fcc4ad23abb7a315f2789819be"},
]
regex = [
    {file = "regex-2020.1.8-cp27-cp27m-win32.whl", hash = "sha256:4e8f02d3d72ca94efc8396f8036c0d3bcc812aefc28ec70f35bb888c74a25161"},
    {file = "regex-2020.1.8-cp27-cp27m-win_amd64.whl", hash = "sha256:e6c02171d62ed6972ca8631f6f34fa3281d51db8b326ee397b9c83093a6b7242"},
    {file = "regex-2020.1.8-cp36-cp36m-manylinux1_i686.whl", hash = "sha256:4eae742636aec40cf7ab98171ab9400393360b97e8f9da67b1867a9ee0889b26"},
    {file = "regex-2020.1.8-cp36-cp36m-manylinux1_x86_64.whl", hash = "sha256:bd25bb7980917e4e70ccccd7e3b5740614f1c408a642c245019cff9d7d1b6149"},
    {file = "regex-2020.1.8-cp36-cp36m-manylinux2010_i686.whl", hash = "sha256:3e77409b678b21a056415da3a56abfd7c3ad03da71f3051bbcdb68cf44d3c34d"},
    {file = "regex-2020.1.8-cp36-cp36m-manylinux2010_x86_64.whl", hash = "sha256:07b39bf943d3d2fe63d46281d8504f8df0ff3fe4c57e13d1656737950e53e525"},
    {file = "regex-2020.1.8-cp36-cp36m-win32.whl", hash = "sha256:23e2c2c0ff50f44877f64780b815b8fd2e003cda9ce817a7fd00dea5600c84a0"},
    {file = "regex-2020.1.8-cp36-cp36m-win_amd64.whl", hash = "sha256:27429b8d74ba683484a06b260b7bb00f312e7c757792628ea251afdbf1434003"},
    {file = "regex-2020.1.8-cp37-cp37m-manylinux1_i686.whl", hash = "sha256:0e182d2f097ea8549a249040922fa2b92ae28be4be4895933e369a525ba36576"},
    {file = "regex-2020.1.8-cp37-cp37m-manylinux1_x86_64.whl", hash = "sha256:e3cd21cc2840ca67de0bbe4071f79f031c81418deb544ceda93ad75ca1ee9f7b"},
    {file = "regex-2020.1.8-cp37-cp37m-manylinux2010_i686.whl", hash = "sha256:ecc6de77df3ef68fee966bb8cb4e067e84d4d1f397d0ef6fce46913663540d77"},
    {file = "regex-2020.1.8-cp37-cp37m-manylinux2010_x86_64.whl", hash = "sha256:26ff99c980f53b3191d8931b199b29d6787c059f2e029b2b0c694343b1708c35"},
    {file = "regex-2020.1.8-cp37-cp37m-win32.whl", hash = "sha256:7bcd322935377abcc79bfe5b63c44abd0b29387f267791d566bbb566edfdd146"},
    {file = "regex-2020.1.8-cp37-cp37m-win_amd64.whl", hash = "sha256:10671601ee06cf4dc1bc0b4805309040bb34c9af423c12c379c83d7895622bb5"},
    {file = "regex-2020.1.8-cp38-cp38-manylinux1_i686.whl", hash = "sha256:98b8ed7bb2155e2cbb8b76f627b2fd12cf4b22ab6e14873e8641f266e0fb6d8f"},
    {file = "regex-2020.1.8-cp38-cp38-manylinux1_x86_64.whl", hash = "sha256:6a6ba91b94427cd49cd27764679024b14a96874e0dc638ae6bdd4b1a3ce97be1"},
    {file = "regex-2020.1.8-cp38-cp38-manylinux2010_i686.whl", hash = "sha256:6a6ae17bf8f2d82d1e8858a47757ce389b880083c4ff2498dba17c56e6c103b9"},
    {file = "regex-2020.1.8-cp38-cp38-manylinux2010_x86_64.whl", hash = "sha256:0932941cdfb3afcbc26cc3bcf7c3f3d73d5a9b9c56955d432dbf8bbc147d4c5b"},
    {file = "regex-2020.1.8-cp38-cp38-win32.whl", hash = "sha256:d58e4606da2a41659c84baeb3cfa2e4c87a74cec89a1e7c56bee4b956f9d7461"},
    {file = "regex-2020.1.8-cp38-cp38-win_amd64.whl", hash = "sha256:e7c7661f7276507bce416eaae22040fd91ca471b5b33c13f8ff21137ed6f248c"},
    {file = "regex-2020.1.8.tar.gz", hash = "sha256:d0f424328f9822b0323b3b6f2e4b9c90960b24743d220763c7f07071e0778351"},
]
six = [
    {file = "six-1.13.0-py2.py3-none-any.whl", hash = "sha256:1f1b7d42e254082a9db6279deae68afb421ceba6158efa6131de7b3003ee93fd"},
    {file = "six-1.13.0.tar.gz", hash = "sha256:30f610279e8b2578cab6db20741130331735c781b56053c59c4076da27f06b66"},
]
toml = [
    {file = "toml-0.10.0-py2.7.egg", hash = "sha256:f1db651f9657708513243e61e6cc67d101a39bad662eaa9b5546f789338e07a3"},
    {file = "toml-0.10.0-py2.py3-none-any.whl", hash = "sha256:235682dd292d5899d361a811df37e04a8828a5b1da3115886b73cf81ebc9100e"},
    {file = "toml-0.10.0.tar.gz", hash = "sha256:229f81c57791a41d65e399fc06bf0848bab550a9dfd5ed66df18ce5f05e73d5c"},
]
tornado = [
    {file = "tornado-5.1.1-cp35-cp35m-win32.whl", hash = "sha256:732e836008c708de2e89a31cb2fa6c0e5a70cb60492bee6f1ea1047500feaf7f"},
    {file = "tornado-5.1.1-cp35-cp35m-win_amd64.whl", hash = "sha256:0662d28b1ca9f67108c7e3b77afabfb9c7e87bde174fbda78186ecedc2499a9d"},
    {file = "tornado-5.1.1-cp36-cp36m-win32.whl", hash = "sha256:8154ec22c450df4e06b35f131adc4f2f3a12ec85981a203301d310abf580500f"},
    {file = "tornado-5.1.1-cp36-cp36m-win_amd64.whl", hash = "sha256:d4b3e5329f572f055b587efc57d29bd051589fb5a43ec8898c77a47ec2fa2bbb"},
    {file = "tornado-5.1.1-cp37-cp37m-win32.whl", hash = "sha256:e5f2585afccbff22390cddac29849df463b252b711aa2ce7c5f3f342a5b3b444"},
    {file = "tornado-5.1.1-cp37-cp37m-win_amd64.whl", hash = "sha256:8e9d728c4579682e837c92fdd98036bd5cdefa1da2aaf6acf26947e6dd0c01c5"},
    {file = "tornado-5.1.1.tar.gz", hash = "sha256:4e5158d97583502a7e2739951553cbd88a72076f152b4b11b64b9a10c4c49409"},
]
typed-ast = [
    {file = "typed_ast-1.4.0-cp35-cp35m-manylinux1_i686.whl", hash = "sha256:262c247a82d005e43b5b7f69aff746370538e176131c32dda9cb0f324d27141e"},
    {file = "typed_ast-1.4.0-cp35-cp35m-manylinux1_x86_64.whl", hash = "sha256:71211d26ffd12d63a83e079ff258ac9d56a1376a25bc80b1cdcdf601b855b90b"},
    {file = "typed_ast-1.4.0-cp35-cp35m-win32.whl", hash = "sha256:630968c5cdee51a11c05a30453f8cd65e0cc1d2ad0d9192819df9978984529f4"},
    {file = "typed_ast-1.4.0-cp35-cp35m-win_amd64.whl", hash = "sha256:ffde2fbfad571af120fcbfbbc61c72469e72f550d676c3342492a9dfdefb8f12"},
    {file = "typed_ast-1.4.0-cp36-cp36m-macosx_10_9_x86_64.whl", hash = "sha256:4e0b70c6fc4d010f8107726af5fd37921b666f5b31d9331f0bd24ad9a088e631"},
    {file = "typed_ast-1.4.0-cp36-cp36m-manylinux1_i686.whl", hash = "sha256:bc6c7d3fa1325a0c6613512a093bc2a2a15aeec350451cbdf9e1d4bffe3e3233"},
    {file = "typed_ast-1.4.0-cp36-cp36m-manylinux1_x86_64.whl", hash = "sha256:cc34a6f5b426748a507dd5d1de4c1978f2eb5626d51326e43280941206c209e1"},
    {file = "typed_ast-1.4.0-cp36-cp36m-win32.whl", hash = "sha256:d896919306dd0aa22d0132f62a1b78d11aaf4c9fc5b3410d3c666b818191630a"},
    {file = "typed_ast-1.4.0-cp36-cp36m-win_amd64.whl", hash = "sha256:354c16e5babd09f5cb0ee000d54cfa38401d8b8891eefa878ac772f827181a3c"},
    {file = "typed_ast-1.4.0-cp37-cp37m-macosx_10_9_x86_64.whl", hash = "sha256:95bd11af7eafc16e829af2d3df510cecfd4387f6453355188342c3e79a2ec87a"},
    {file = "typed_ast-1.4.0-cp37-cp37m-manylinux1_i686.whl", hash = "sha256:18511a0b3e7922276346bcb47e2ef9f38fb90fd31cb9223eed42c85d1312344e"},
    {file = "typed_ast-1.4.0-cp37-cp37m-manylinux1_x86_64.whl", hash = "sha256:d7c45933b1bdfaf9f36c579671fec15d25b06c8398f113dab64c18ed1adda01d"},
    {file = "typed_ast-1.4.0-cp37-cp37m-win32.whl", hash = "sha256:d755f03c1e4a51e9b24d899561fec4ccaf51f210d52abdf8c07ee2849b212a36"},
    {file = "typed_ast-1.4.0-cp37-cp37m-win_amd64.whl", hash = "sha256:2b907eb046d049bcd9892e3076c7a6456c93a25bebfe554e931620c90e6a25b0"},
    {file = "typed_ast-1.4.0-cp38-cp38-macosx_10_9_x86_64.whl", hash = "sha256:fdc1c9bbf79510b76408840e009ed65958feba92a88833cdceecff93ae8fff66"},
    {file = "typed_ast-1.4.0-cp38-cp38-manylinux1_i686.whl", hash = "sha256:7954560051331d003b4e2b3eb822d9dd2e376fa4f6d98fee32f452f52dd6ebb2"},
    {file = "typed_ast-1.4.0-cp38-cp38-manylinux1_x86_64.whl", hash = "sha256:48e5b1e71f25cfdef98b013263a88d7145879fbb2d5185f2a0c79fa7ebbeae47"},
    {file = "typed_ast-1.4.0-cp38-cp38-win32.whl", hash = "sha256:1170afa46a3799e18b4c977777ce137bb53c7485379d9706af8a59f2ea1aa161"},
    {file = "typed_ast-1.4.0-cp38-cp38-win_amd64.whl", hash = "sha256:838997f4310012cf2e1ad3803bce2f3402e9ffb71ded61b5ee22617b3a7f6b6e"},
    {file = "typed_ast-1.4.0.tar.gz", hash = "sha256:66480f95b8167c9c5c5c87f32cf437d585937970f3fc24386f313a4c97b44e34"},
]
wcwidth = [
    {file = "wcwidth-0.1.8-py2.py3-none-any.whl", hash = "sha256:8fd29383f539be45b20bd4df0dc29c20ba48654a41e661925e612311e9f3c603"},
    {file = "wcwidth-0.1.8.tar.gz", hash = "sha256:f28b3e8a6483e5d49e7f8949ac1a78314e740333ae305b4ba5defd3e74fb37a8"},
]
werkzeug = [
    {file = "Werkzeug-0.16.0-py2.py3-none-any.whl", hash = "sha256:e5f4a1f98b52b18a93da705a7458e55afb26f32bff83ff5d19189f92462d65c4"},
    {file = "Werkzeug-0.16.0.tar.gz", hash = "sha256:7280924747b5733b246fe23972186c6b348f9ae29724135a6dfc1e53cea433e7"},
]
wrapt = [
    {file = "wrapt-1.11.2.tar.gz", hash = "sha256:565a021fd19419476b9362b05eeaa094178de64f8361e44468f9e9d7843901e1"},
]
zipp = [
    {file = "zipp-0.6.0-py2.py3-none-any.whl", hash = "sha256:f06903e9f1f43b12d371004b4ac7b06ab39a44adc747266928ae6debfa7b3335"},
    {file = "zipp-0.6.0.tar.gz", hash = "sha256:3718b1cbcd963c7d4c5511a8240812904164b7f381b647143a89d3b98f9bcd8e"},
]
